
Microsoft Visual Studio Solution File, Format Version 11.00
# Visual C++ Express 2010
Project("{8BC9CEB8-8B4A-11D0-8D11-00A0C91BC942}") = "00_1228_C", "1228_C\1228_C.vcxproj", "{952018E6-F670-4873-8130-8ABDDDF8C4D3}"
EndProject
Project("{8BC9CEB8-8B4A-11D0-8D11-00A0C91BC942}") = "01_Print", "Commend\Commend.vcxproj", "{190CB553-85E7-4033-B8A1-C3BA55A23244}"
EndProject
Project("{8BC9CEB8-8B4A-11D0-8D11-00A0C91BC942}") = "Test", "Test\Test.vcxproj", "{F923153B-1A39-4EB4-8183-16920B2E081B}"
EndProject
Project("{8BC9CEB8-8B4A-11D0-8D11-00A0C91BC942}") = "02_Variable", "Variable\Variable.vcxproj", "{69B2B9E8-8C67-4CFD-8E03-B71DD97528B4}"
EndProject
Project("{8BC9CEB8-8B4A-11D0-8D11-00A0C91BC942}") = "03_If", "If\If.vcxproj", "{19160986-01F2-4E7B-AB1D-639CF18F11F3}"
EndProject
Project("{8BC9CEB8-8B4A-11D0-8D11-00A0C91BC942}") = "04_For", "For\For.vcxproj", "{E339F7EB-F99C-475B-99A7-0D37E21F7E80}"
EndProject
Project("{8BC9CEB8-8B4A-11D0-8D11-00A0C91BC942}") = "05_While", "05_While\05_While.vcxproj", "{B8E9CC65-BAA0-4CF6-AA7F-AE1FB3F39289}"
EndProject
Project("{8BC9CEB8-8B4A-11D0-8D11-00A0C91BC942}") = "06_Array", "06_Array\06_Array.vcxproj", "{573D81B8-4F04-4350-B4A7-89D5C82F69E5}"
EndProject
Project("{8BC9CEB8-8B4A-11D0-8D11-00A0C91BC942}") = "07_Function", "07_Function\07_Function.vcxproj", "{9EC0AD49-D62F-4C33-A444-2CE55E676E23}"
EndProject
Project("{8BC9CEB8-8B4A-11D0-8D11-00A0C91BC942}") = "08_Pointer", "08_Pointer\08_Pointer.vcxproj", "{3D10972D-4076-45FD-9D0E-4C2DD8C76544}"
EndProject
Project("{8BC9CEB8-8B4A-11D0-8D11-00A0C91BC942}") = "09_malloc", "09_malloc\09_malloc.vcxproj", "{8473F81D-9AC2-4FDD-B432-3BECA227E432}"
EndProject
Project("{8BC9CEB8-8B4A-11D0-8D11-00A0C91BC942}") = "10_D_Array", "10_D_Array\10_D_Array.vcxproj", "{ADF72F9C-6CB2-4DCD-8617-84A80C82A0D4}"
EndProject
Project("{8BC9CEB8-8B4A-11D0-8D11-00A0C91BC942}") = "11_D_Pointer", "11_D_Pointer\11_D_Pointer.vcxproj", "{0EDCF894-6645-4DDE-BC94-3AB81EDE066B}"
EndProject
Project("{8BC9CEB8-8B4A-11D0-8D11-00A0C91BC942}") = "12_String", "12_String\12_String.vcxproj", "{8E800B7A-9575-4A9F-9148-C26B8714CC6C}"
EndProject
Project("{8BC9CEB8-8B4A-11D0-8D11-00A0C91BC942}") = "13_Struct", "13_Struct\13_Struct.vcxproj", "{86F7F8FE-A2F9-4AEB-80DE-1FBAE7435411}"
EndProject
Project("{8BC9CEB8-8B4A-11D0-8D11-00A0C91BC942}") = "14_List", "14_List\14_List.vcxproj", "{C0B73B12-75A7-4AFD-B35B-4E475A77C298}"
EndProject
Global
	GlobalSection(SolutionConfigurationPlatforms) = preSolution
		Debug|Win32 = Debug|Win32
		Release|Win32 = Release|Win32
	EndGlobalSection
	GlobalSection(ProjectConfigurationPlatforms) = postSolution
		{952018E6-F670-4873-8130-8ABDDDF8C4D3}.Debug|Win32.ActiveCfg = Debug|Win32
		{952018E6-F670-4873-8130-8ABDDDF8C4D3}.Debug|Win32.Build.0 = Debug|Win32
		{952018E6-F670-4873-8130-8ABDDDF8C4D3}.Release|Win32.ActiveCfg = Release|Win32
		{952018E6-F670-4873-8130-8ABDDDF8C4D3}.Release|Win32.Build.0 = Release|Win32
		{190CB553-85E7-4033-B8A1-C3BA55A23244}.Debug|Win32.ActiveCfg = Debug|Win32
		{190CB553-85E7-4033-B8A1-C3BA55A23244}.Debug|Win32.Build.0 = Debug|Win32
		{190CB553-85E7-4033-B8A1-C3BA55A23244}.Release|Win32.ActiveCfg = Release|Win32
		{190CB553-85E7-4033-B8A1-C3BA55A23244}.Release|Win32.Build.0 = Release|Win32
		{F923153B-1A39-4EB4-8183-16920B2E081B}.Debug|Win32.ActiveCfg = Debug|Win32
		{F923153B-1A39-4EB4-8183-16920B2E081B}.Debug|Win32.Build.0 = Debug|Win32
		{F923153B-1A39-4EB4-8183-16920B2E081B}.Release|Win32.ActiveCfg = Release|Win32
		{F923153B-1A39-4EB4-8183-16920B2E081B}.Release|Win32.Build.0 = Release|Win32
		{69B2B9E8-8C67-4CFD-8E03-B71DD97528B4}.Debug|Win32.ActiveCfg = Debug|Win32
		{69B2B9E8-8C67-4CFD-8E03-B71DD97528B4}.Debug|Win32.Build.0 = Debug|Win32
		{69B2B9E8-8C67-4CFD-8E03-B71DD97528B4}.Release|Win32.ActiveCfg = Release|Win32
		{69B2B9E8-8C67-4CFD-8E03-B71DD97528B4}.Release|Win32.Build.0 = Release|Win32
		{19160986-01F2-4E7B-AB1D-639CF18F11F3}.Debug|Win32.ActiveCfg = Debug|Win32
		{19160986-01F2-4E7B-AB1D-639CF18F11F3}.Debug|Win32.Build.0 = Debug|Win32
		{19160986-01F2-4E7B-AB1D-639CF18F11F3}.Release|Win32.ActiveCfg = Release|Win32
		{19160986-01F2-4E7B-AB1D-639CF18F11F3}.Release|Win32.Build.0 = Release|Win32
		{E339F7EB-F99C-475B-99A7-0D37E21F7E80}.Debug|Win32.ActiveCfg = Debug|Win32
		{E339F7EB-F99C-475B-99A7-0D37E21F7E80}.Debug|Win32.Build.0 = Debug|Win32
		{E339F7EB-F99C-475B-99A7-0D37E21F7E80}.Release|Win32.ActiveCfg = Release|Win32
		{E339F7EB-F99C-475B-99A7-0D37E21F7E80}.Release|Win32.Build.0 = Release|Win32
		{B8E9CC65-BAA0-4CF6-AA7F-AE1FB3F39289}.Debug|Win32.ActiveCfg = Debug|Win32
		{B8E9CC65-BAA0-4CF6-AA7F-AE1FB3F39289}.Debug|Win32.Build.0 = Debug|Win32
		{B8E9CC65-BAA0-4CF6-AA7F-AE1FB3F39289}.Release|Win32.ActiveCfg = Release|Win32
		{B8E9CC65-BAA0-4CF6-AA7F-AE1FB3F39289}.Release|Win32.Build.0 = Release|Win32
		{573D81B8-4F04-4350-B4A7-89D5C82F69E5}.Debug|Win32.ActiveCfg = Debug|Win32
		{573D81B8-4F04-4350-B4A7-89D5C82F69E5}.Debug|Win32.Build.0 = Debug|Win32
		{573D81B8-4F04-4350-B4A7-89D5C82F69E5}.Release|Win32.ActiveCfg = Release|Win32
		{573D81B8-4F04-4350-B4A7-89D5C82F69E5}.Release|Win32.Build.0 = Release|Win32
		{9EC0AD49-D62F-4C33-A444-2CE55E676E23}.Debug|Win32.ActiveCfg = Debug|Win32
		{9EC0AD49-D62F-4C33-A444-2CE55E676E23}.Debug|Win32.Build.0 = Debug|Win32
		{9EC0AD49-D62F-4C33-A444-2CE55E676E23}.Release|Win32.ActiveCfg = Release|Win32
		{9EC0AD49-D62F-4C33-A444-2CE55E676E23}.Release|Win32.Build.0 = Release|Win32
		{3D10972D-4076-45FD-9D0E-4C2DD8C76544}.Debug|Win32.ActiveCfg = Debug|Win32
		{3D10972D-4076-45FD-9D0E-4C2DD8C76544}.Debug|Win32.Build.0 = Debug|Win32
		{3D10972D-4076-45FD-9D0E-4C2DD8C76544}.Release|Win32.ActiveCfg = Release|Win32
		{3D10972D-4076-45FD-9D0E-4C2DD8C76544}.Release|Win32.Build.0 = Release|Win32
		{8473F81D-9AC2-4FDD-B432-3BECA227E432}.Debug|Win32.ActiveCfg = Debug|Win32
		{8473F81D-9AC2-4FDD-B432-3BECA227E432}.Debug|Win32.Build.0 = Debug|Win32
		{8473F81D-9AC2-4FDD-B432-3BECA227E432}.Release|Win32.ActiveCfg = Release|Win32
		{8473F81D-9AC2-4FDD-B432-3BECA227E432}.Release|Win32.Build.0 = Release|Win32
		{ADF72F9C-6CB2-4DCD-8617-84A80C82A0D4}.Debug|Win32.ActiveCfg = Debug|Win32
		{ADF72F9C-6CB2-4DCD-8617-84A80C82A0D4}.Debug|Win32.Build.0 = Debug|Win32
		{ADF72F9C-6CB2-4DCD-8617-84A80C82A0D4}.Release|Win32.ActiveCfg = Release|Win32
		{ADF72F9C-6CB2-4DCD-8617-84A80C82A0D4}.Release|Win32.Build.0 = Release|Win32
		{0EDCF894-6645-4DDE-BC94-3AB81EDE066B}.Debug|Win32.ActiveCfg = Debug|Win32
		{0EDCF894-6645-4DDE-BC94-3AB81EDE066B}.Debug|Win32.Build.0 = Debug|Win32
		{0EDCF894-6645-4DDE-BC94-3AB81EDE066B}.Release|Win32.ActiveCfg = Release|Win32
		{0EDCF894-6645-4DDE-BC94-3AB81EDE066B}.Release|Win32.Build.0 = Release|Win32
		{8E800B7A-9575-4A9F-9148-C26B8714CC6C}.Debug|Win32.ActiveCfg = Debug|Win32
		{8E800B7A-9575-4A9F-9148-C26B8714CC6C}.Debug|Win32.Build.0 = Debug|Win32
		{8E800B7A-9575-4A9F-9148-C26B8714CC6C}.Release|Win32.ActiveCfg = Release|Win32
		{8E800B7A-9575-4A9F-9148-C26B8714CC6C}.Release|Win32.Build.0 = Release|Win32
		{86F7F8FE-A2F9-4AEB-80DE-1FBAE7435411}.Debug|Win32.ActiveCfg = Debug|Win32
		{86F7F8FE-A2F9-4AEB-80DE-1FBAE7435411}.Debug|Win32.Build.0 = Debug|Win32
		{86F7F8FE-A2F9-4AEB-80DE-1FBAE7435411}.Release|Win32.ActiveCfg = Release|Win32
		{86F7F8FE-A2F9-4AEB-80DE-1FBAE7435411}.Release|Win32.Build.0 = Release|Win32
		{C0B73B12-75A7-4AFD-B35B-4E475A77C298}.Debug|Win32.ActiveCfg = Debug|Win32
		{C0B73B12-75A7-4AFD-B35B-4E475A77C298}.Debug|Win32.Build.0 = Debug|Win32
		{C0B73B12-75A7-4AFD-B35B-4E475A77C298}.Release|Win32.ActiveCfg = Release|Win32
		{C0B73B12-75A7-4AFD-B35B-4E475A77C298}.Release|Win32.Build.0 = Release|Win32
	EndGlobalSection
	GlobalSection(SolutionProperties) = preSolution
		HideSolutionNode = FALSE
	EndGlobalSection
EndGlobal
